// !$*UTF8*$!
{
	archiveVersion = 1;
	classes = {
	};
	objectVersion = 56;
	objects = {

/* Begin PBXBuildFile section */
		A46160B42CD0EEAF002F1C74 /* PanGesture.swift in Sources */ = {isa = PBXBuildFile; fileRef = A46160B32CD0EEAF002F1C74 /* PanGesture.swift */; };
		A47F26412CCF816E009C3C73 /* SwiftUI_AppleMusicBottomSheetApp.swift in Sources */ = {isa = PBXBuildFile; fileRef = A47F26402CCF816E009C3C73 /* SwiftUI_AppleMusicBottomSheetApp.swift */; };
		A47F26432CCF816E009C3C73 /* ContentView.swift in Sources */ = {isa = PBXBuildFile; fileRef = A47F26422CCF816E009C3C73 /* ContentView.swift */; };
		A47F26452CCF8170009C3C73 /* Assets.xcassets in Resources */ = {isa = PBXBuildFile; fileRef = A47F26442CCF8170009C3C73 /* Assets.xcassets */; };
		A47F26482CCF8170009C3C73 /* Preview Assets.xcassets in Resources */ = {isa = PBXBuildFile; fileRef = A47F26472CCF8170009C3C73 /* Preview Assets.xcassets */; };
		A47F26732CD0DE6F009C3C73 /* UniversalOverlay.swift in Sources */ = {isa = PBXBuildFile; fileRef = A47F26722CD0DE6F009C3C73 /* UniversalOverlay.swift */; };
		A47F26762CD0DE95009C3C73 /* Home.swift in Sources */ = {isa = PBXBuildFile; fileRef = A47F26752CD0DE95009C3C73 /* Home.swift */; };
		A47F26782CD0E018009C3C73 /* ExpandableMusicPlayer.swift in Sources */ = {isa = PBXBuildFile; fileRef = A47F26772CD0E018009C3C73 /* ExpandableMusicPlayer.swift */; };
/* End PBXBuildFile section */

/* Begin PBXFileReference section */
		A46160B32CD0EEAF002F1C74 /* PanGesture.swift */ = {isa = PBXFileReference; lastKnownFileType = sourcecode.swift; path = PanGesture.swift; sourceTree = "<group>"; };
		A47F263D2CCF816E009C3C73 /* SwiftUI-AppleMusicBottomSheet.app */ = {isa = PBXFileReference; explicitFileType = wrapper.application; includeInIndex = 0; path = "SwiftUI-AppleMusicBottomSheet.app"; sourceTree = BUILT_PRODUCTS_DIR; };
		A47F26402CCF816E009C3C73 /* SwiftUI_AppleMusicBottomSheetApp.swift */ = {isa = PBXFileReference; lastKnownFileType = sourcecode.swift; path = SwiftUI_AppleMusicBottomSheetApp.swift; sourceTree = "<group>"; };
		A47F26422CCF816E009C3C73 /* ContentView.swift */ = {isa = PBXFileReference; lastKnownFileType = sourcecode.swift; path = ContentView.swift; sourceTree = "<group>"; };
		A47F26442CCF8170009C3C73 /* Assets.xcassets */ = {isa = PBXFileReference; lastKnownFileType = folder.assetcatalog; path = Assets.xcassets; sourceTree = "<group>"; };
		A47F26472CCF8170009C3C73 /* Preview Assets.xcassets */ = {isa = PBXFileReference; lastKnownFileType = folder.assetcatalog; path = "Preview Assets.xcassets"; sourceTree = "<group>"; };
		A47F26722CD0DE6F009C3C73 /* UniversalOverlay.swift */ = {isa = PBXFileReference; fileEncoding = 4; lastKnownFileType = sourcecode.swift; path = UniversalOverlay.swift; sourceTree = "<group>"; };
		A47F26752CD0DE95009C3C73 /* Home.swift */ = {isa = PBXFileReference; lastKnownFileType = sourcecode.swift; path = Home.swift; sourceTree = "<group>"; };
		A47F26772CD0E018009C3C73 /* ExpandableMusicPlayer.swift */ = {isa = PBXFileReference; lastKnownFileType = sourcecode.swift; path = ExpandableMusicPlayer.swift; sourceTree = "<group>"; };
/* End PBXFileReference section */

/* Begin PBXFrameworksBuildPhase section */
		A47F263A2CCF816E009C3C73 /* Frameworks */ = {
			isa = PBXFrameworksBuildPhase;
			buildActionMask = 2147483647;
			files = (
			);
			runOnlyForDeploymentPostprocessing = 0;
		};
/* End PBXFrameworksBuildPhase section */

/* Begin PBXGroup section */
		A47F26342CCF816E009C3C73 = {
			isa = PBXGroup;
			children = (
				A47F263F2CCF816E009C3C73 /* SwiftUI-AppleMusicBottomSheet */,
				A47F263E2CCF816E009C3C73 /* Products */,
			);
			sourceTree = "<group>";
		};
		A47F263E2CCF816E009C3C73 /* Products */ = {
			isa = PBXGroup;
			children = (
				A47F263D2CCF816E009C3C73 /* SwiftUI-AppleMusicBottomSheet.app */,
			);
			name = Products;
			sourceTree = "<group>";
		};
		A47F263F2CCF816E009C3C73 /* SwiftUI-AppleMusicBottomSheet */ = {
			isa = PBXGroup;
			children = (
				A47F26402CCF816E009C3C73 /* SwiftUI_AppleMusicBottomSheetApp.swift */,
				A47F26422CCF816E009C3C73 /* ContentView.swift */,
				A47F26742CD0DE8C009C3C73 /* View */,
				A47F26712CD0DE5E009C3C73 /* Helpers */,
				A47F26442CCF8170009C3C73 /* Assets.xcassets */,
				A47F26462CCF8170009C3C73 /* Preview Content */,
			);
			path = "SwiftUI-AppleMusicBottomSheet";
			sourceTree = "<group>";
		};
		A47F26462CCF8170009C3C73 /* Preview Content */ = {
			isa = PBXGroup;
			children = (
				A47F26472CCF8170009C3C73 /* Preview Assets.xcassets */,
			);
			path = "Preview Content";
			sourceTree = "<group>";
		};
		A47F26712CD0DE5E009C3C73 /* Helpers */ = {
			isa = PBXGroup;
			children = (
				A47F26722CD0DE6F009C3C73 /* UniversalOverlay.swift */,
				A46160B32CD0EEAF002F1C74 /* PanGesture.swift */,
			);
			path = Helpers;
			sourceTree = "<group>";
		};
		A47F26742CD0DE8C009C3C73 /* View */ = {
			isa = PBXGroup;
			children = (
				A47F26752CD0DE95009C3C73 /* Home.swift */,
				A47F26772CD0E018009C3C73 /* ExpandableMusicPlayer.swift */,
			);
			path = View;
			sourceTree = "<group>";
		};
/* End PBXGroup section */

/* Begin PBXNativeTarget section */
		A47F263C2CCF816E009C3C73 /* SwiftUI-AppleMusicBottomSheet */ = {
			isa = PBXNativeTarget;
			buildConfigurationList = A47F264B2CCF8170009C3C73 /* Build configuration list for PBXNativeTarget "SwiftUI-AppleMusicBottomSheet" */;
			buildPhases = (
				A47F26392CCF816E009C3C73 /* Sources */,
				A47F263A2CCF816E009C3C73 /* Frameworks */,
				A47F263B2CCF816E009C3C73 /* Resources */,
			);
			buildRules = (
			);
			dependencies = (
			);
			name = "SwiftUI-AppleMusicBottomSheet";
			productName = "SwiftUI-AppleMusicBottomSheet";
			productReference = A47F263D2CCF816E009C3C73 /* SwiftUI-AppleMusicBottomSheet.app */;
			productType = "com.apple.product-type.application";
		};
/* End PBXNativeTarget section */

/* Begin PBXProject section */
		A47F26352CCF816E009C3C73 /* Project object */ = {
			isa = PBXProject;
			attributes = {
				BuildIndependentTargetsInParallel = 1;
				LastSwiftUpdateCheck = 1540;
				LastUpgradeCheck = 1540;
				TargetAttributes = {
					A47F263C2CCF816E009C3C73 = {
						CreatedOnToolsVersion = 15.4;
					};
				};
			};
			buildConfigurationList = A47F26382CCF816E009C3C73 /* Build configuration list for PBXProject "SwiftUI-AppleMusicBottomSheet" */;
			compatibilityVersion = "Xcode 14.0";
			developmentRegion = en;
			hasScannedForEncodings = 0;
			knownRegions = (
				en,
				Base,
			);
			mainGroup = A47F26342CCF816E009C3C73;
			productRefGroup = A47F263E2CCF816E009C3C73 /* Products */;
			projectDirPath = "";
			projectRoot = "";
			targets = (
				A47F263C2CCF816E009C3C73 /* SwiftUI-AppleMusicBottomSheet */,
			);
		};
/* End PBXProject section */

/* Begin PBXResourcesBuildPhase section */
		A47F263B2CCF816E009C3C73 /* Resources */ = {
			isa = PBXResourcesBuildPhase;
			buildActionMask = 2147483647;
			files = (
				A47F26482CCF8170009C3C73 /* Preview Assets.xcassets in Resources */,
				A47F26452CCF8170009C3C73 /* Assets.xcassets in Resources */,
			);
			runOnlyForDeploymentPostprocessing = 0;
		};
/* End PBXResourcesBuildPhase section */

/* Begin PBXSourcesBuildPhase section */
		A47F26392CCF816E009C3C73 /* Sources */ = {
			isa = PBXSourcesBuildPhase;
			buildActionMask = 2147483647;
			files = (
				A47F26432CCF816E009C3C73 /* ContentView.swift in Sources */,
				A46160B42CD0EEAF002F1C74 /* PanGesture.swift in Sources */,
				A47F26412CCF816E009C3C73 /* SwiftUI_AppleMusicBottomSheetApp.swift in Sources */,
				A47F26782CD0E018009C3C73 /* ExpandableMusicPlayer.swift in Sources */,
				A47F26762CD0DE95009C3C73 /* Home.swift in Sources */,
				A47F26732CD0DE6F009C3C73 /* UniversalOverlay.swift in Sources */,
			);
			runOnlyForDeploymentPostprocessing = 0;
		};
/* End PBXSourcesBuildPhase section */

/* Begin XCBuildConfiguration section */
		A47F26492CCF8170009C3C73 /* Debug */ = {
			isa = XCBuildConfiguration;
			buildSettings = {
				ALWAYS_SEARCH_USER_PATHS = NO;
				ASSETCATALOG_COMPILER_GENERATE_SWIFT_ASSET_SYMBOL_EXTENSIONS = YES;
				CLANG_ANALYZER_NONNULL = YES;
				CLANG_ANALYZER_NUMBER_OBJECT_CONVERSION = YES_AGGRESSIVE;
				CLANG_CXX_LANGUAGE_STANDARD = "gnu++20";
				CLANG_ENABLE_MODULES = YES;
				CLANG_ENABLE_OBJC_ARC = YES;
				CLANG_ENABLE_OBJC_WEAK = YES;
				CLANG_WARN_BLOCK_CAPTURE_AUTORELEASING = YES;
				CLANG_WARN_BOOL_CONVERSION = YES;
				CLANG_WARN_COMMA = YES;
				CLANG_WARN_CONSTANT_CONVERSION = YES;
				CLANG_WARN_DEPRECATED_OBJC_IMPLEMENTATIONS = YES;
				CLANG_WARN_DIRECT_OBJC_ISA_USAGE = YES_ERROR;
				CLANG_WARN_DOCUMENTATION_COMMENTS = YES;
				CLANG_WARN_EMPTY_BODY = YES;
				CLANG_WARN_ENUM_CONVERSION = YES;
				CLANG_WARN_INFINITE_RECURSION = YES;
				CLANG_WARN_INT_CONVERSION = YES;
				CLANG_WARN_NON_LITERAL_NULL_CONVERSION = YES;
				CLANG_WARN_OBJC_IMPLICIT_RETAIN_SELF = YES;
				CLANG_WARN_OBJC_LITERAL_CONVERSION = YES;
				CLANG_WARN_OBJC_ROOT_CLASS = YES_ERROR;
				CLANG_WARN_QUOTED_INCLUDE_IN_FRAMEWORK_HEADER = YES;
				CLANG_WARN_RANGE_LOOP_ANALYSIS = YES;
				CLANG_WARN_STRICT_PROTOTYPES = YES;
				CLANG_WARN_SUSPICIOUS_MOVE = YES;
				CLANG_WARN_UNGUARDED_AVAILABILITY = YES_AGGRESSIVE;
				CLANG_WARN_UNREACHABLE_CODE = YES;
				CLANG_WARN__DUPLICATE_METHOD_MATCH = YES;
				COPY_PHASE_STRIP = NO;
				DEBUG_INFORMATION_FORMAT = dwarf;
				ENABLE_STRICT_OBJC_MSGSEND = YES;
				ENABLE_TESTABILITY = YES;
				ENABLE_USER_SCRIPT_SANDBOXING = YES;
				GCC_C_LANGUAGE_STANDARD = gnu17;
				GCC_DYNAMIC_NO_PIC = NO;
				GCC_NO_COMMON_BLOCKS = YES;
				GCC_OPTIMIZATION_LEVEL = 0;
				GCC_PREPROCESSOR_DEFINITIONS = (
					"DEBUG=1",
					"$(inherited)",
				);
				GCC_WARN_64_TO_32_BIT_CONVERSION = YES;
				GCC_WARN_ABOUT_RETURN_TYPE = YES_ERROR;
				GCC_WARN_UNDECLARED_SELECTOR = YES;
				GCC_WARN_UNINITIALIZED_AUTOS = YES_AGGRESSIVE;
				GCC_WARN_UNUSED_FUNCTION = YES;
				GCC_WARN_UNUSED_VARIABLE = YES;
				IPHONEOS_DEPLOYMENT_TARGET = 17.5;
				LOCALIZATION_PREFERS_STRING_CATALOGS = YES;
				MTL_ENABLE_DEBUG_INFO = INCLUDE_SOURCE;
				MTL_FAST_MATH = YES;
				ONLY_ACTIVE_ARCH = YES;
				SDKROOT = iphoneos;
				SWIFT_ACTIVE_COMPILATION_CONDITIONS = "DEBUG $(inherited)";
				SWIFT_OPTIMIZATION_LEVEL = "-Onone";
			};
			name = Debug;
		};
		A47F264A2CCF8170009C3C73 /* Release */ = {
			isa = XCBuildConfiguration;
			buildSettings = {
				ALWAYS_SEARCH_USER_PATHS = NO;
				ASSETCATALOG_COMPILER_GENERATE_SWIFT_ASSET_SYMBOL_EXTENSIONS = YES;
				CLANG_ANALYZER_NONNULL = YES;
				CLANG_ANALYZER_NUMBER_OBJECT_CONVERSION = YES_AGGRESSIVE;
				CLANG_CXX_LANGUAGE_STANDARD = "gnu++20";
				CLANG_ENABLE_MODULES = YES;
				CLANG_ENABLE_OBJC_ARC = YES;
				CLANG_ENABLE_OBJC_WEAK = YES;
				CLANG_WARN_BLOCK_CAPTURE_AUTORELEASING = YES;
				CLANG_WARN_BOOL_CONVERSION = YES;
				CLANG_WARN_COMMA = YES;
				CLANG_WARN_CONSTANT_CONVERSION = YES;
				CLANG_WARN_DEPRECATED_OBJC_IMPLEMENTATIONS = YES;
				CLANG_WARN_DIRECT_OBJC_ISA_USAGE = YES_ERROR;
				CLANG_WARN_DOCUMENTATION_COMMENTS = YES;
				CLANG_WARN_EMPTY_BODY = YES;
				CLANG_WARN_ENUM_CONVERSION = YES;
				CLANG_WARN_INFINITE_RECURSION = YES;
				CLANG_WARN_INT_CONVERSION = YES;
				CLANG_WARN_NON_LITERAL_NULL_CONVERSION = YES;
				CLANG_WARN_OBJC_IMPLICIT_RETAIN_SELF = YES;
				CLANG_WARN_OBJC_LITERAL_CONVERSION = YES;
				CLANG_WARN_OBJC_ROOT_CLASS = YES_ERROR;
				CLANG_WARN_QUOTED_INCLUDE_IN_FRAMEWORK_HEADER = YES;
				CLANG_WARN_RANGE_LOOP_ANALYSIS = YES;
				CLANG_WARN_STRICT_PROTOTYPES = YES;
				CLANG_WARN_SUSPICIOUS_MOVE = YES;
				CLANG_WARN_UNGUARDED_AVAILABILITY = YES_AGGRESSIVE;
				CLANG_WARN_UNREACHABLE_CODE = YES;
				CLANG_WARN__DUPLICATE_METHOD_MATCH = YES;
				COPY_PHASE_STRIP = NO;
				DEBUG_INFORMATION_FORMAT = "dwarf-with-dsym";
				ENABLE_NS_ASSERTIONS = NO;
				ENABLE_STRICT_OBJC_MSGSEND = YES;
				ENABLE_USER_SCRIPT_SANDBOXING = YES;
				GCC_C_LANGUAGE_STANDARD = gnu17;
				GCC_NO_COMMON_BLOCKS = YES;
				GCC_WARN_64_TO_32_BIT_CONVERSION = YES;
				GCC_WARN_ABOUT_RETURN_TYPE = YES_ERROR;
				GCC_WARN_UNDECLARED_SELECTOR = YES;
				GCC_WARN_UNINITIALIZED_AUTOS = YES_AGGRESSIVE;
				GCC_WARN_UNUSED_FUNCTION = YES;
				GCC_WARN_UNUSED_VARIABLE = YES;
				IPHONEOS_DEPLOYMENT_TARGET = 17.5;
				LOCALIZATION_PREFERS_STRING_CATALOGS = YES;
				MTL_ENABLE_DEBUG_INFO = NO;
				MTL_FAST_MATH = YES;
				SDKROOT = iphoneos;
				SWIFT_COMPILATION_MODE = wholemodule;
				VALIDATE_PRODUCT = YES;
			};
			name = Release;
		};
		A47F264C2CCF8170009C3C73 /* Debug */ = {
			isa = XCBuildConfiguration;
			buildSettings = {
				ASSETCATALOG_COMPILER_APPICON_NAME = AppIcon;
				ASSETCATALOG_COMPILER_GLOBAL_ACCENT_COLOR_NAME = AccentColor;
				CODE_SIGN_STYLE = Automatic;
				CURRENT_PROJECT_VERSION = 1;
				DEVELOPMENT_ASSET_PATHS = "\"SwiftUI-AppleMusicBottomSheet/Preview Content\"";
				DEVELOPMENT_TEAM = K22U66A47Z;
				ENABLE_PREVIEWS = YES;
				GENERATE_INFOPLIST_FILE = YES;
				INFOPLIST_KEY_UIApplicationSceneManifest_Generation = YES;
				INFOPLIST_KEY_UIApplicationSupportsIndirectInputEvents = YES;
				INFOPLIST_KEY_UILaunchScreen_Generation = YES;
				INFOPLIST_KEY_UISupportedInterfaceOrientations_iPad = "UIInterfaceOrientationPortrait UIInterfaceOrientationPortraitUpsideDown UIInterfaceOrientationLandscapeLeft UIInterfaceOrientationLandscapeRight";
				INFOPLIST_KEY_UISupportedInterfaceOrientations_iPhone = "UIInterfaceOrientationPortrait UIInterfaceOrientationLandscapeLeft UIInterfaceOrientationLandscapeRight";
				LD_RUNPATH_SEARCH_PATHS = (
					"$(inherited)",
					"@executable_path/Frameworks",
				);
				MARKETING_VERSION = 1.0;
				PRODUCT_BUNDLE_IDENTIFIER = "com.cainluo.SwiftUI-AppleMusicBottomSheet";
				PRODUCT_NAME = "$(TARGET_NAME)";
				SWIFT_EMIT_LOC_STRINGS = YES;
				SWIFT_VERSION = 5.0;
				TARGETED_DEVICE_FAMILY = "1,2";
			};
			name = Debug;
		};
		A47F264D2CCF8170009C3C73 /* Release */ = {
			isa = XCBuildConfiguration;
			buildSettings = {
				ASSETCATALOG_COMPILER_APPICON_NAME = AppIcon;
				ASSETCATALOG_COMPILER_GLOBAL_ACCENT_COLOR_NAME = AccentColor;
				CODE_SIGN_STYLE = Automatic;
				CURRENT_PROJECT_VERSION = 1;
				DEVELOPMENT_ASSET_PATHS = "\"SwiftUI-AppleMusicBottomSheet/Preview Content\"";
				DEVELOPMENT_TEAM = K22U66A47Z;
				ENABLE_PREVIEWS = YES;
				GENERATE_INFOPLIST_FILE = YES;
				INFOPLIST_KEY_UIApplicationSceneManifest_Generation = YES;
				INFOPLIST_KEY_UIApplicationSupportsIndirectInputEvents = YES;
				INFOPLIST_KEY_UILaunchScreen_Generation = YES;
				INFOPLIST_KEY_UISupportedInterfaceOrientations_iPad = "UIInterfaceOrientationPortrait UIInterfaceOrientationPortraitUpsideDown UIInterfaceOrientationLandscapeLeft UIInterfaceOrientationLandscapeRight";
				INFOPLIST_KEY_UISupportedInterfaceOrientations_iPhone = "UIInterfaceOrientationPortrait UIInterfaceOrientationLandscapeLeft UIInterfaceOrientationLandscapeRight";
				LD_RUNPATH_SEARCH_PATHS = (
					"$(inherited)",
					"@executable_path/Frameworks",
				);
				MARKETING_VERSION = 1.0;
				PRODUCT_BUNDLE_IDENTIFIER = "com.cainluo.SwiftUI-AppleMusicBottomSheet";
				PRODUCT_NAME = "$(TARGET_NAME)";
				SWIFT_EMIT_LOC_STRINGS = YES;
				SWIFT_VERSION = 5.0;
				TARGETED_DEVICE_FAMILY = "1,2";
			};
			name = Release;
		};
/* End XCBuildConfiguration section */

/* Begin XCConfigurationList section */
		A47F26382CCF816E009C3C73 /* Build configuration list for PBXProject "SwiftUI-AppleMusicBottomSheet" */ = {
			isa = XCConfigurationList;
			buildConfigurations = (
				A47F26492CCF8170009C3C73 /* Debug */,
				A47F264A2CCF8170009C3C73 /* Release */,
			);
			defaultConfigurationIsVisible = 0;
			defaultConfigurationName = Release;
		};
		A47F264B2CCF8170009C3C73 /* Build configuration list for PBXNativeTarget "SwiftUI-AppleMusicBottomSheet" */ = {
			isa = XCConfigurationList;
			buildConfigurations = (
				A47F264C2CCF8170009C3C73 /* Debug */,
				A47F264D2CCF8170009C3C73 /* Release */,
			);
			defaultConfigurationIsVisible = 0;
			defaultConfigurationName = Release;
		};
/* End XCConfigurationList section */
	};
	rootObject = A47F26352CCF816E009C3C73 /* Project object */;
}
